
Microsoft Visual Studio Solution File, Format Version 12.00
# Visual Studio Version 16
VisualStudioVersion = 16.0.32602.291
MinimumVisualStudioVersion = 10.0.40219.1
Project("{9A19103F-16F7-4668-BE54-9A1E7A4F7556}") = "NumericalValueToWordsConversion", "NumericalValueToWords\NumericalValueToWordsConversion.csproj", "{30C9F265-6E8D-459D-B597-F59B49C23EA9}"
EndProject
Project("{FAE04EC0-301F-11D3-BF4B-00C04F79EFBC}") = "NumericalValueToWordsConversionTests", "NumericalValueToWordsConversionTests\NumericalValueToWordsConversionTests.csproj", "{B85E3B7E-5EF8-4648-B71B-8726FB354D90}"
EndProject
Global
	GlobalSection(SolutionConfigurationPlatforms) = preSolution
		Debug|Any CPU = Debug|Any CPU
		Release|Any CPU = Release|Any CPU
	EndGlobalSection
	GlobalSection(ProjectConfigurationPlatforms) = postSolution
		{30C9F265-6E8D-459D-B597-F59B49C23EA9}.Debug|Any CPU.ActiveCfg = Debug|Any CPU
		{30C9F265-6E8D-459D-B597-F59B49C23EA9}.Debug|Any CPU.Build.0 = Debug|Any CPU
		{30C9F265-6E8D-459D-B597-F59B49C23EA9}.Release|Any CPU.ActiveCfg = Release|Any CPU
		{30C9F265-6E8D-459D-B597-F59B49C23EA9}.Release|Any CPU.Build.0 = Release|Any CPU
		{B85E3B7E-5EF8-4648-B71B-8726FB354D90}.Debug|Any CPU.ActiveCfg = Debug|Any CPU
		{B85E3B7E-5EF8-4648-B71B-8726FB354D90}.Debug|Any CPU.Build.0 = Debug|Any CPU
		{B85E3B7E-5EF8-4648-B71B-8726FB354D90}.Release|Any CPU.ActiveCfg = Release|Any CPU
		{B85E3B7E-5EF8-4648-B71B-8726FB354D90}.Release|Any CPU.Build.0 = Release|Any CPU
	EndGlobalSection
	GlobalSection(SolutionProperties) = preSolution
		HideSolutionNode = FALSE
	EndGlobalSection
	GlobalSection(ExtensibilityGlobals) = postSolution
		SolutionGuid = {1AD1912F-9D87-4172-942B-DBE840571B0D}
	EndGlobalSection
EndGlobal
